// !$*UTF8*$!
{
	archiveVersion = 1;
	classes = {
	};
	objectVersion = 50;
	objects = {

/* Begin PBXBuildFile section */
		64428191247FBA970078B55C /* main.cpp in Sources */ = {isa = PBXBuildFile; fileRef = 6442818C247FBA970078B55C /* main.cpp */; };
/* End PBXBuildFile section */

/* Begin PBXCopyFilesBuildPhase section */
		6442817D247FBA800078B55C /* CopyFiles */ = {
			isa = PBXCopyFilesBuildPhase;
			buildActionMask = 2147483647;
			dstPath = /usr/share/man/man1/;
			dstSubfolderSpec = 0;
			files = (
			);
			runOnlyForDeploymentPostprocessing = 1;
		};
/* End PBXCopyFilesBuildPhase section */

/* Begin PBXFileReference section */
		6408474124C3630900295119 /* moving_sphere.h */ = {isa = PBXFileReference; lastKnownFileType = sourcecode.c.h; path = moving_sphere.h; sourceTree = "<group>"; };
		6408474224C3F1D000295119 /* aabb.h */ = {isa = PBXFileReference; lastKnownFileType = sourcecode.c.h; path = aabb.h; sourceTree = "<group>"; };
		6442817F247FBA800078B55C /* RaytracingInOneWeekend_Xcode */ = {isa = PBXFileReference; explicitFileType = "compiled.mach-o.executable"; includeInIndex = 0; path = RaytracingInOneWeekend_Xcode; sourceTree = BUILT_PRODUCTS_DIR; };
		6442818A247FBA970078B55C /* RaytracingInOneWeekend.vcxproj */ = {isa = PBXFileReference; fileEncoding = 4; lastKnownFileType = text.xml; name = RaytracingInOneWeekend.vcxproj; path = ../../RaytracingInOneWeekend/RaytracingInOneWeekend.vcxproj; sourceTree = "<group>"; };
		6442818B247FBA970078B55C /* RaytracingInOneWeekend.vcxproj.filters */ = {isa = PBXFileReference; fileEncoding = 4; lastKnownFileType = text.xml; name = RaytracingInOneWeekend.vcxproj.filters; path = ../../RaytracingInOneWeekend/RaytracingInOneWeekend.vcxproj.filters; sourceTree = "<group>"; };
		6442818C247FBA970078B55C /* main.cpp */ = {isa = PBXFileReference; fileEncoding = 4; lastKnownFileType = sourcecode.cpp.cpp; name = main.cpp; path = ../../RaytracingInOneWeekend/main.cpp; sourceTree = "<group>"; };
		6442818D247FBA970078B55C /* color.h */ = {isa = PBXFileReference; fileEncoding = 4; lastKnownFileType = sourcecode.c.h; name = color.h; path = ../../RaytracingInOneWeekend/color.h; sourceTree = "<group>"; };
		6442818E247FBA970078B55C /* vec3.h */ = {isa = PBXFileReference; fileEncoding = 4; lastKnownFileType = sourcecode.c.h; name = vec3.h; path = ../../RaytracingInOneWeekend/vec3.h; sourceTree = "<group>"; };
		6442818F247FBA970078B55C /* ray.h */ = {isa = PBXFileReference; fileEncoding = 4; lastKnownFileType = sourcecode.c.h; name = ray.h; path = ../../RaytracingInOneWeekend/ray.h; sourceTree = "<group>"; };
		646E9D6224B3902B00462D07 /* rtweekend.h */ = {isa = PBXFileReference; fileEncoding = 4; lastKnownFileType = sourcecode.c.h; name = rtweekend.h; path = ../../RaytracingInOneWeekend/rtweekend.h; sourceTree = "<group>"; };
		646E9D6324B3902B00462D07 /* sphere.h */ = {isa = PBXFileReference; fileEncoding = 4; lastKnownFileType = sourcecode.c.h; name = sphere.h; path = ../../RaytracingInOneWeekend/sphere.h; sourceTree = "<group>"; };
		646E9D6424B3902B00462D07 /* hittable.h */ = {isa = PBXFileReference; fileEncoding = 4; lastKnownFileType = sourcecode.c.h; name = hittable.h; path = ../../RaytracingInOneWeekend/hittable.h; sourceTree = "<group>"; };
		646E9D6524B3902B00462D07 /* hittable_list.h */ = {isa = PBXFileReference; fileEncoding = 4; lastKnownFileType = sourcecode.c.h; name = hittable_list.h; path = ../../RaytracingInOneWeekend/hittable_list.h; sourceTree = "<group>"; };
		646E9D6624B390AC00462D07 /* camera.h */ = {isa = PBXFileReference; lastKnownFileType = sourcecode.c.h; path = camera.h; sourceTree = "<group>"; };
		646E9D6724B3AC2A00462D07 /* material.h */ = {isa = PBXFileReference; lastKnownFileType = sourcecode.c.h; path = material.h; sourceTree = "<group>"; };
/* End PBXFileReference section */

/* Begin PBXFrameworksBuildPhase section */
		6442817C247FBA800078B55C /* Frameworks */ = {
			isa = PBXFrameworksBuildPhase;
			buildActionMask = 2147483647;
			files = (
			);
			runOnlyForDeploymentPostprocessing = 0;
		};
/* End PBXFrameworksBuildPhase section */

/* Begin PBXGroup section */
		64428176247FBA800078B55C = {
			isa = PBXGroup;
			children = (
				64428181247FBA800078B55C /* RaytracingInOneWeekend_Xcode */,
				64428180247FBA800078B55C /* Products */,
			);
			sourceTree = "<group>";
		};
		64428180247FBA800078B55C /* Products */ = {
			isa = PBXGroup;
			children = (
				6442817F247FBA800078B55C /* RaytracingInOneWeekend_Xcode */,
			);
			name = Products;
			sourceTree = "<group>";
		};
		64428181247FBA800078B55C /* RaytracingInOneWeekend_Xcode */ = {
			isa = PBXGroup;
			children = (
				646E9D6524B3902B00462D07 /* hittable_list.h */,
				646E9D6424B3902B00462D07 /* hittable.h */,
				646E9D6224B3902B00462D07 /* rtweekend.h */,
				646E9D6324B3902B00462D07 /* sphere.h */,
				6442818D247FBA970078B55C /* color.h */,
				6442818C247FBA970078B55C /* main.cpp */,
				6442818F247FBA970078B55C /* ray.h */,
				6442818A247FBA970078B55C /* RaytracingInOneWeekend.vcxproj */,
				6442818B247FBA970078B55C /* RaytracingInOneWeekend.vcxproj.filters */,
				6442818E247FBA970078B55C /* vec3.h */,
				646E9D6624B390AC00462D07 /* camera.h */,
				646E9D6724B3AC2A00462D07 /* material.h */,
				6408474124C3630900295119 /* moving_sphere.h */,
				6408474224C3F1D000295119 /* aabb.h */,
			);
			path = RaytracingInOneWeekend_Xcode;
			sourceTree = "<group>";
		};
/* End PBXGroup section */

/* Begin PBXNativeTarget section */
		6442817E247FBA800078B55C /* RaytracingInOneWeekend_Xcode */ = {
			isa = PBXNativeTarget;
			buildConfigurationList = 64428186247FBA800078B55C /* Build configuration list for PBXNativeTarget "RaytracingInOneWeekend_Xcode" */;
			buildPhases = (
				6442817B247FBA800078B55C /* Sources */,
				6442817C247FBA800078B55C /* Frameworks */,
				6442817D247FBA800078B55C /* CopyFiles */,
			);
			buildRules = (
			);
			dependencies = (
			);
			name = RaytracingInOneWeekend_Xcode;
			productName = RaytracingInOneWeekend_Xcode;
			productReference = 6442817F247FBA800078B55C /* RaytracingInOneWeekend_Xcode */;
			productType = "com.apple.product-type.tool";
		};
/* End PBXNativeTarget section */

/* Begin PBXProject section */
		64428177247FBA800078B55C /* Project object */ = {
			isa = PBXProject;
			attributes = {
				LastUpgradeCheck = 1150;
				ORGANIZATIONNAME = SEUNGCHAN;
				TargetAttributes = {
					6442817E247FBA800078B55C = {
						CreatedOnToolsVersion = 11.5;
					};
				};
			};
			buildConfigurationList = 6442817A247FBA800078B55C /* Build configuration list for PBXProject "RaytracingInOneWeekend_Xcode" */;
			compatibilityVersion = "Xcode 9.3";
			developmentRegion = en;
			hasScannedForEncodings = 0;
			knownRegions = (
				en,
				Base,
			);
			mainGroup = 64428176247FBA800078B55C;
			productRefGroup = 64428180247FBA800078B55C /* Products */;
			projectDirPath = "";
			projectRoot = "";
			targets = (
				6442817E247FBA800078B55C /* RaytracingInOneWeekend_Xcode */,
			);
		};
/* End PBXProject section */

/* Begin PBXSourcesBuildPhase section */
		6442817B247FBA800078B55C /* Sources */ = {
			isa = PBXSourcesBuildPhase;
			buildActionMask = 2147483647;
			files = (
				64428191247FBA970078B55C /* main.cpp in Sources */,
			);
			runOnlyForDeploymentPostprocessing = 0;
		};
/* End PBXSourcesBuildPhase section */

/* Begin XCBuildConfiguration section */
		64428184247FBA800078B55C /* Debug */ = {
			isa = XCBuildConfiguration;
			buildSettings = {
				ALWAYS_SEARCH_USER_PATHS = NO;
				CLANG_ANALYZER_NONNULL = YES;
				CLANG_ANALYZER_NUMBER_OBJECT_CONVERSION = YES_AGGRESSIVE;
				CLANG_CXX_LANGUAGE_STANDARD = "gnu++14";
				CLANG_CXX_LIBRARY = "libc++";
				CLANG_ENABLE_MODULES = YES;
				CLANG_ENABLE_OBJC_ARC = YES;
				CLANG_ENABLE_OBJC_WEAK = YES;
				CLANG_WARN_BLOCK_CAPTURE_AUTORELEASING = YES;
				CLANG_WARN_BOOL_CONVERSION = YES;
				CLANG_WARN_COMMA = YES;
				CLANG_WARN_CONSTANT_CONVERSION = YES;
				CLANG_WARN_DEPRECATED_OBJC_IMPLEMENTATIONS = YES;
				CLANG_WARN_DIRECT_OBJC_ISA_USAGE = YES_ERROR;
				CLANG_WARN_DOCUMENTATION_COMMENTS = YES;
				CLANG_WARN_EMPTY_BODY = YES;
				CLANG_WARN_ENUM_CONVERSION = YES;
				CLANG_WARN_INFINITE_RECURSION = YES;
				CLANG_WARN_INT_CONVERSION = YES;
				CLANG_WARN_NON_LITERAL_NULL_CONVERSION = YES;
				CLANG_WARN_OBJC_IMPLICIT_RETAIN_SELF = YES;
				CLANG_WARN_OBJC_LITERAL_CONVERSION = YES;
				CLANG_WARN_OBJC_ROOT_CLASS = YES_ERROR;
				CLANG_WARN_RANGE_LOOP_ANALYSIS = YES;
				CLANG_WARN_STRICT_PROTOTYPES = YES;
				CLANG_WARN_SUSPICIOUS_MOVE = YES;
				CLANG_WARN_UNGUARDED_AVAILABILITY = YES_AGGRESSIVE;
				CLANG_WARN_UNREACHABLE_CODE = YES;
				CLANG_WARN__DUPLICATE_METHOD_MATCH = YES;
				COPY_PHASE_STRIP = NO;
				DEBUG_INFORMATION_FORMAT = dwarf;
				ENABLE_STRICT_OBJC_MSGSEND = YES;
				ENABLE_TESTABILITY = YES;
				GCC_C_LANGUAGE_STANDARD = gnu11;
				GCC_DYNAMIC_NO_PIC = NO;
				GCC_NO_COMMON_BLOCKS = YES;
				GCC_OPTIMIZATION_LEVEL = 0;
				GCC_PREPROCESSOR_DEFINITIONS = (
					"DEBUG=1",
					"$(inherited)",
				);
				GCC_WARN_64_TO_32_BIT_CONVERSION = YES;
				GCC_WARN_ABOUT_RETURN_TYPE = YES_ERROR;
				GCC_WARN_UNDECLARED_SELECTOR = YES;
				GCC_WARN_UNINITIALIZED_AUTOS = YES_AGGRESSIVE;
				GCC_WARN_UNUSED_FUNCTION = YES;
				GCC_WARN_UNUSED_VARIABLE = YES;
				MACOSX_DEPLOYMENT_TARGET = 10.15;
				MTL_ENABLE_DEBUG_INFO = INCLUDE_SOURCE;
				MTL_FAST_MATH = YES;
				ONLY_ACTIVE_ARCH = YES;
				SDKROOT = macosx;
			};
			name = Debug;
		};
		64428185247FBA800078B55C /* Release */ = {
			isa = XCBuildConfiguration;
			buildSettings = {
				ALWAYS_SEARCH_USER_PATHS = NO;
				CLANG_ANALYZER_NONNULL = YES;
				CLANG_ANALYZER_NUMBER_OBJECT_CONVERSION = YES_AGGRESSIVE;
				CLANG_CXX_LANGUAGE_STANDARD = "gnu++14";
				CLANG_CXX_LIBRARY = "libc++";
				CLANG_ENABLE_MODULES = YES;
				CLANG_ENABLE_OBJC_ARC = YES;
				CLANG_ENABLE_OBJC_WEAK = YES;
				CLANG_WARN_BLOCK_CAPTURE_AUTORELEASING = YES;
				CLANG_WARN_BOOL_CONVERSION = YES;
				CLANG_WARN_COMMA = YES;
				CLANG_WARN_CONSTANT_CONVERSION = YES;
				CLANG_WARN_DEPRECATED_OBJC_IMPLEMENTATIONS = YES;
				CLANG_WARN_DIRECT_OBJC_ISA_USAGE = YES_ERROR;
				CLANG_WARN_DOCUMENTATION_COMMENTS = YES;
				CLANG_WARN_EMPTY_BODY = YES;
				CLANG_WARN_ENUM_CONVERSION = YES;
				CLANG_WARN_INFINITE_RECURSION = YES;
				CLANG_WARN_INT_CONVERSION = YES;
				CLANG_WARN_NON_LITERAL_NULL_CONVERSION = YES;
				CLANG_WARN_OBJC_IMPLICIT_RETAIN_SELF = YES;
				CLANG_WARN_OBJC_LITERAL_CONVERSION = YES;
				CLANG_WARN_OBJC_ROOT_CLASS = YES_ERROR;
				CLANG_WARN_RANGE_LOOP_ANALYSIS = YES;
				CLANG_WARN_STRICT_PROTOTYPES = YES;
				CLANG_WARN_SUSPICIOUS_MOVE = YES;
				CLANG_WARN_UNGUARDED_AVAILABILITY = YES_AGGRESSIVE;
				CLANG_WARN_UNREACHABLE_CODE = YES;
				CLANG_WARN__DUPLICATE_METHOD_MATCH = YES;
				COPY_PHASE_STRIP = NO;
				DEBUG_INFORMATION_FORMAT = "dwarf-with-dsym";
				ENABLE_NS_ASSERTIONS = NO;
				ENABLE_STRICT_OBJC_MSGSEND = YES;
				GCC_C_LANGUAGE_STANDARD = gnu11;
				GCC_NO_COMMON_BLOCKS = YES;
				GCC_WARN_64_TO_32_BIT_CONVERSION = YES;
				GCC_WARN_ABOUT_RETURN_TYPE = YES_ERROR;
				GCC_WARN_UNDECLARED_SELECTOR = YES;
				GCC_WARN_UNINITIALIZED_AUTOS = YES_AGGRESSIVE;
				GCC_WARN_UNUSED_FUNCTION = YES;
				GCC_WARN_UNUSED_VARIABLE = YES;
				MACOSX_DEPLOYMENT_TARGET = 10.15;
				MTL_ENABLE_DEBUG_INFO = NO;
				MTL_FAST_MATH = YES;
				SDKROOT = macosx;
			};
			name = Release;
		};
		64428187247FBA800078B55C /* Debug */ = {
			isa = XCBuildConfiguration;
			buildSettings = {
				CODE_SIGN_STYLE = Automatic;
				PRODUCT_NAME = "$(TARGET_NAME)";
			};
			name = Debug;
		};
		64428188247FBA800078B55C /* Release */ = {
			isa = XCBuildConfiguration;
			buildSettings = {
				CODE_SIGN_STYLE = Automatic;
				PRODUCT_NAME = "$(TARGET_NAME)";
			};
			name = Release;
		};
/* End XCBuildConfiguration section */

/* Begin XCConfigurationList section */
		6442817A247FBA800078B55C /* Build configuration list for PBXProject "RaytracingInOneWeekend_Xcode" */ = {
			isa = XCConfigurationList;
			buildConfigurations = (
				64428184247FBA800078B55C /* Debug */,
				64428185247FBA800078B55C /* Release */,
			);
			defaultConfigurationIsVisible = 0;
			defaultConfigurationName = Release;
		};
		64428186247FBA800078B55C /* Build configuration list for PBXNativeTarget "RaytracingInOneWeekend_Xcode" */ = {
			isa = XCConfigurationList;
			buildConfigurations = (
				64428187247FBA800078B55C /* Debug */,
				64428188247FBA800078B55C /* Release */,
			);
			defaultConfigurationIsVisible = 0;
			defaultConfigurationName = Release;
		};
/* End XCConfigurationList section */
	};
	rootObject = 64428177247FBA800078B55C /* Project object */;
}
